
Microsoft Visual Studio Solution File, Format Version 12.00
# Visual Studio Version 17
VisualStudioVersion = 17.13.35825.156 d17.13
MinimumVisualStudioVersion = 10.0.40219.1
Project("{FAE04EC0-301F-11D3-BF4B-00C04F79EFBC}") = "32_TheRobotPilot", "32_TheRobotPilot\32_TheRobotPilot.csproj", "{7784342F-90C4-421B-B374-3CD42DE26ADA}"
EndProject
Global
	GlobalSection(SolutionConfigurationPlatforms) = preSolution
		Debug|Any CPU = Debug|Any CPU
		Release|Any CPU = Release|Any CPU
	EndGlobalSection
	GlobalSection(ProjectConfigurationPlatforms) = postSolution
		{7784342F-90C4-421B-B374-3CD42DE26ADA}.Debug|Any CPU.ActiveCfg = Debug|Any CPU
		{7784342F-90C4-421B-B374-3CD42DE26ADA}.Debug|Any CPU.Build.0 = Debug|Any CPU
		{7784342F-90C4-421B-B374-3CD42DE26ADA}.Release|Any CPU.ActiveCfg = Release|Any CPU
		{7784342F-90C4-421B-B374-3CD42DE26ADA}.Release|Any CPU.Build.0 = Release|Any CPU
	EndGlobalSection
	GlobalSection(SolutionProperties) = preSolution
		HideSolutionNode = FALSE
	EndGlobalSection
	GlobalSection(ExtensibilityGlobals) = postSolution
		SolutionGuid = {9C9670C3-0A8D-44DB-AB29-D25B50C36CB7}
	EndGlobalSection
EndGlobal
